// !$*UTF8*$!
{
	archiveVersion = 1;
	classes = {
	};
	objectVersion = 48;
	objects = {

/* Begin PBXBuildFile section */
		3F638564206FC4D200251E9B /* AppDelegate.swift in Sources */ = {isa = PBXBuildFile; fileRef = 3F638563206FC4D200251E9B /* AppDelegate.swift */; };
		3F638566206FC4D200251E9B /* ViewController.swift in Sources */ = {isa = PBXBuildFile; fileRef = 3F638565206FC4D200251E9B /* ViewController.swift */; };
		3F638569206FC4D200251E9B /* Main.storyboard in Resources */ = {isa = PBXBuildFile; fileRef = 3F638567206FC4D200251E9B /* Main.storyboard */; };
		3F63856B206FC4D200251E9B /* Assets.xcassets in Resources */ = {isa = PBXBuildFile; fileRef = 3F63856A206FC4D200251E9B /* Assets.xcassets */; };
		3F63856E206FC4D200251E9B /* LaunchScreen.storyboard in Resources */ = {isa = PBXBuildFile; fileRef = 3F63856C206FC4D200251E9B /* LaunchScreen.storyboard */; };
		3F638576206FC51200251E9B /* SelectCell.swift in Sources */ = {isa = PBXBuildFile; fileRef = 3F638575206FC51200251E9B /* SelectCell.swift */; };
		3F638578206FC54500251E9B /* FootActionView.swift in Sources */ = {isa = PBXBuildFile; fileRef = 3F638577206FC54500251E9B /* FootActionView.swift */; };
/* End PBXBuildFile section */

/* Begin PBXFileReference section */
		3F638560206FC4D200251E9B /* WeChatFootAction.app */ = {isa = PBXFileReference; explicitFileType = wrapper.application; includeInIndex = 0; path = WeChatFootAction.app; sourceTree = BUILT_PRODUCTS_DIR; };
		3F638563206FC4D200251E9B /* AppDelegate.swift */ = {isa = PBXFileReference; lastKnownFileType = sourcecode.swift; path = AppDelegate.swift; sourceTree = "<group>"; };
		3F638565206FC4D200251E9B /* ViewController.swift */ = {isa = PBXFileReference; lastKnownFileType = sourcecode.swift; path = ViewController.swift; sourceTree = "<group>"; };
		3F638568206FC4D200251E9B /* Base */ = {isa = PBXFileReference; lastKnownFileType = file.storyboard; name = Base; path = Base.lproj/Main.storyboard; sourceTree = "<group>"; };
		3F63856A206FC4D200251E9B /* Assets.xcassets */ = {isa = PBXFileReference; lastKnownFileType = folder.assetcatalog; path = Assets.xcassets; sourceTree = "<group>"; };
		3F63856D206FC4D200251E9B /* Base */ = {isa = PBXFileReference; lastKnownFileType = file.storyboard; name = Base; path = Base.lproj/LaunchScreen.storyboard; sourceTree = "<group>"; };
		3F63856F206FC4D200251E9B /* Info.plist */ = {isa = PBXFileReference; lastKnownFileType = text.plist.xml; path = Info.plist; sourceTree = "<group>"; };
		3F638575206FC51200251E9B /* SelectCell.swift */ = {isa = PBXFileReference; lastKnownFileType = sourcecode.swift; path = SelectCell.swift; sourceTree = "<group>"; };
		3F638577206FC54500251E9B /* FootActionView.swift */ = {isa = PBXFileReference; lastKnownFileType = sourcecode.swift; path = FootActionView.swift; sourceTree = "<group>"; };
/* End PBXFileReference section */

/* Begin PBXFrameworksBuildPhase section */
		3F63855D206FC4D200251E9B /* Frameworks */ = {
			isa = PBXFrameworksBuildPhase;
			buildActionMask = 2147483647;
			files = (
			);
			runOnlyForDeploymentPostprocessing = 0;
		};
/* End PBXFrameworksBuildPhase section */

/* Begin PBXGroup section */
		3F638557206FC4D200251E9B = {
			isa = PBXGroup;
			children = (
				3F638562206FC4D200251E9B /* WeChatFootAction */,
				3F638561206FC4D200251E9B /* Products */,
			);
			sourceTree = "<group>";
		};
		3F638561206FC4D200251E9B /* Products */ = {
			isa = PBXGroup;
			children = (
				3F638560206FC4D200251E9B /* WeChatFootAction.app */,
			);
			name = Products;
			sourceTree = "<group>";
		};
		3F638562206FC4D200251E9B /* WeChatFootAction */ = {
			isa = PBXGroup;
			children = (
				3F638563206FC4D200251E9B /* AppDelegate.swift */,
				3F638565206FC4D200251E9B /* ViewController.swift */,
				3F638575206FC51200251E9B /* SelectCell.swift */,
				3F638577206FC54500251E9B /* FootActionView.swift */,
				3F638567206FC4D200251E9B /* Main.storyboard */,
				3F63856A206FC4D200251E9B /* Assets.xcassets */,
				3F63856C206FC4D200251E9B /* LaunchScreen.storyboard */,
				3F63856F206FC4D200251E9B /* Info.plist */,
			);
			path = WeChatFootAction;
			sourceTree = "<group>";
		};
/* End PBXGroup section */

/* Begin PBXNativeTarget section */
		3F63855F206FC4D200251E9B /* WeChatFootAction */ = {
			isa = PBXNativeTarget;
			buildConfigurationList = 3F638572206FC4D200251E9B /* Build configuration list for PBXNativeTarget "WeChatFootAction" */;
			buildPhases = (
				3F63855C206FC4D200251E9B /* Sources */,
				3F63855D206FC4D200251E9B /* Frameworks */,
				3F63855E206FC4D200251E9B /* Resources */,
			);
			buildRules = (
			);
			dependencies = (
			);
			name = WeChatFootAction;
			productName = WeChatFootAction;
			productReference = 3F638560206FC4D200251E9B /* WeChatFootAction.app */;
			productType = "com.apple.product-type.application";
		};
/* End PBXNativeTarget section */

/* Begin PBXProject section */
		3F638558206FC4D200251E9B /* Project object */ = {
			isa = PBXProject;
			attributes = {
				LastSwiftUpdateCheck = 0920;
				LastUpgradeCheck = 0920;
				ORGANIZATIONNAME = RRD;
				TargetAttributes = {
					3F63855F206FC4D200251E9B = {
						CreatedOnToolsVersion = 9.2;
						ProvisioningStyle = Automatic;
					};
				};
			};
			buildConfigurationList = 3F63855B206FC4D200251E9B /* Build configuration list for PBXProject "WeChatFootAction" */;
			compatibilityVersion = "Xcode 8.0";
			developmentRegion = en;
			hasScannedForEncodings = 0;
			knownRegions = (
				en,
				Base,
			);
			mainGroup = 3F638557206FC4D200251E9B;
			productRefGroup = 3F638561206FC4D200251E9B /* Products */;
			projectDirPath = "";
			projectRoot = "";
			targets = (
				3F63855F206FC4D200251E9B /* WeChatFootAction */,
			);
		};
/* End PBXProject section */

/* Begin PBXResourcesBuildPhase section */
		3F63855E206FC4D200251E9B /* Resources */ = {
			isa = PBXResourcesBuildPhase;
			buildActionMask = 2147483647;
			files = (
				3F63856E206FC4D200251E9B /* LaunchScreen.storyboard in Resources */,
				3F63856B206FC4D200251E9B /* Assets.xcassets in Resources */,
				3F638569206FC4D200251E9B /* Main.storyboard in Resources */,
			);
			runOnlyForDeploymentPostprocessing = 0;
		};
/* End PBXResourcesBuildPhase section */

/* Begin PBXSourcesBuildPhase section */
		3F63855C206FC4D200251E9B /* Sources */ = {
			isa = PBXSourcesBuildPhase;
			buildActionMask = 2147483647;
			files = (
				3F638578206FC54500251E9B /* FootActionView.swift in Sources */,
				3F638566206FC4D200251E9B /* ViewController.swift in Sources */,
				3F638564206FC4D200251E9B /* AppDelegate.swift in Sources */,
				3F638576206FC51200251E9B /* SelectCell.swift in Sources */,
			);
			runOnlyForDeploymentPostprocessing = 0;
		};
/* End PBXSourcesBuildPhase section */

/* Begin PBXVariantGroup section */
		3F638567206FC4D200251E9B /* Main.storyboard */ = {
			isa = PBXVariantGroup;
			children = (
				3F638568206FC4D200251E9B /* Base */,
			);
			name = Main.storyboard;
			sourceTree = "<group>";
		};
		3F63856C206FC4D200251E9B /* LaunchScreen.storyboard */ = {
			isa = PBXVariantGroup;
			children = (
				3F63856D206FC4D200251E9B /* Base */,
			);
			name = LaunchScreen.storyboard;
			sourceTree = "<group>";
		};
/* End PBXVariantGroup section */

/* Begin XCBuildConfiguration section */
		3F638570206FC4D200251E9B /* Debug */ = {
			isa = XCBuildConfiguration;
			buildSettings = {
				ALWAYS_SEARCH_USER_PATHS = NO;
				CLANG_ANALYZER_NONNULL = YES;
				CLANG_ANALYZER_NUMBER_OBJECT_CONVERSION = YES_AGGRESSIVE;
				CLANG_CXX_LANGUAGE_STANDARD = "gnu++14";
				CLANG_CXX_LIBRARY = "libc++";
				CLANG_ENABLE_MODULES = YES;
				CLANG_ENABLE_OBJC_ARC = YES;
				CLANG_WARN_BLOCK_CAPTURE_AUTORELEASING = YES;
				CLANG_WARN_BOOL_CONVERSION = YES;
				CLANG_WARN_COMMA = YES;
				CLANG_WARN_CONSTANT_CONVERSION = YES;
				CLANG_WARN_DIRECT_OBJC_ISA_USAGE = YES_ERROR;
				CLANG_WARN_DOCUMENTATION_COMMENTS = YES;
				CLANG_WARN_EMPTY_BODY = YES;
				CLANG_WARN_ENUM_CONVERSION = YES;
				CLANG_WARN_INFINITE_RECURSION = YES;
				CLANG_WARN_INT_CONVERSION = YES;
				CLANG_WARN_NON_LITERAL_NULL_CONVERSION = YES;
				CLANG_WARN_OBJC_LITERAL_CONVERSION = YES;
				CLANG_WARN_OBJC_ROOT_CLASS = YES_ERROR;
				CLANG_WARN_RANGE_LOOP_ANALYSIS = YES;
				CLANG_WARN_STRICT_PROTOTYPES = YES;
				CLANG_WARN_SUSPICIOUS_MOVE = YES;
				CLANG_WARN_UNGUARDED_AVAILABILITY = YES_AGGRESSIVE;
				CLANG_WARN_UNREACHABLE_CODE = YES;
				CLANG_WARN__DUPLICATE_METHOD_MATCH = YES;
				CODE_SIGN_IDENTITY = "iPhone Developer";
				COPY_PHASE_STRIP = NO;
				DEBUG_INFORMATION_FORMAT = dwarf;
				ENABLE_STRICT_OBJC_MSGSEND = YES;
				ENABLE_TESTABILITY = YES;
				GCC_C_LANGUAGE_STANDARD = gnu11;
				GCC_DYNAMIC_NO_PIC = NO;
				GCC_NO_COMMON_BLOCKS = YES;
				GCC_OPTIMIZATION_LEVEL = 0;
				GCC_PREPROCESSOR_DEFINITIONS = (
					"DEBUG=1",
					"$(inherited)",
				);
				GCC_WARN_64_TO_32_BIT_CONVERSION = YES;
				GCC_WARN_ABOUT_RETURN_TYPE = YES_ERROR;
				GCC_WARN_UNDECLARED_SELECTOR = YES;
				GCC_WARN_UNINITIALIZED_AUTOS = YES_AGGRESSIVE;
				GCC_WARN_UNUSED_FUNCTION = YES;
				GCC_WARN_UNUSED_VARIABLE = YES;
				IPHONEOS_DEPLOYMENT_TARGET = 11.2;
				MTL_ENABLE_DEBUG_INFO = YES;
				ONLY_ACTIVE_ARCH = YES;
				SDKROOT = iphoneos;
				SWIFT_ACTIVE_COMPILATION_CONDITIONS = DEBUG;
				SWIFT_OPTIMIZATION_LEVEL = "-Onone";
			};
			name = Debug;
		};
		3F638571206FC4D200251E9B /* Release */ = {
			isa = XCBuildConfiguration;
			buildSettings = {
				ALWAYS_SEARCH_USER_PATHS = NO;
				CLANG_ANALYZER_NONNULL = YES;
				CLANG_ANALYZER_NUMBER_OBJECT_CONVERSION = YES_AGGRESSIVE;
				CLANG_CXX_LANGUAGE_STANDARD = "gnu++14";
				CLANG_CXX_LIBRARY = "libc++";
				CLANG_ENABLE_MODULES = YES;
				CLANG_ENABLE_OBJC_ARC = YES;
				CLANG_WARN_BLOCK_CAPTURE_AUTORELEASING = YES;
				CLANG_WARN_BOOL_CONVERSION = YES;
				CLANG_WARN_COMMA = YES;
				CLANG_WARN_CONSTANT_CONVERSION = YES;
				CLANG_WARN_DIRECT_OBJC_ISA_USAGE = YES_ERROR;
				CLANG_WARN_DOCUMENTATION_COMMENTS = YES;
				CLANG_WARN_EMPTY_BODY = YES;
				CLANG_WARN_ENUM_CONVERSION = YES;
				CLANG_WARN_INFINITE_RECURSION = YES;
				CLANG_WARN_INT_CONVERSION = YES;
				CLANG_WARN_NON_LITERAL_NULL_CONVERSION = YES;
				CLANG_WARN_OBJC_LITERAL_CONVERSION = YES;
				CLANG_WARN_OBJC_ROOT_CLASS = YES_ERROR;
				CLANG_WARN_RANGE_LOOP_ANALYSIS = YES;
				CLANG_WARN_STRICT_PROTOTYPES = YES;
				CLANG_WARN_SUSPICIOUS_MOVE = YES;
				CLANG_WARN_UNGUARDED_AVAILABILITY = YES_AGGRESSIVE;
				CLANG_WARN_UNREACHABLE_CODE = YES;
				CLANG_WARN__DUPLICATE_METHOD_MATCH = YES;
				CODE_SIGN_IDENTITY = "iPhone Developer";
				COPY_PHASE_STRIP = NO;
				DEBUG_INFORMATION_FORMAT = "dwarf-with-dsym";
				ENABLE_NS_ASSERTIONS = NO;
				ENABLE_STRICT_OBJC_MSGSEND = YES;
				GCC_C_LANGUAGE_STANDARD = gnu11;
				GCC_NO_COMMON_BLOCKS = YES;
				GCC_WARN_64_TO_32_BIT_CONVERSION = YES;
				GCC_WARN_ABOUT_RETURN_TYPE = YES_ERROR;
				GCC_WARN_UNDECLARED_SELECTOR = YES;
				GCC_WARN_UNINITIALIZED_AUTOS = YES_AGGRESSIVE;
				GCC_WARN_UNUSED_FUNCTION = YES;
				GCC_WARN_UNUSED_VARIABLE = YES;
				IPHONEOS_DEPLOYMENT_TARGET = 11.2;
				MTL_ENABLE_DEBUG_INFO = NO;
				SDKROOT = iphoneos;
				SWIFT_OPTIMIZATION_LEVEL = "-Owholemodule";
				VALIDATE_PRODUCT = YES;
			};
			name = Release;
		};
		3F638573206FC4D200251E9B /* Debug */ = {
			isa = XCBuildConfiguration;
			buildSettings = {
				ASSETCATALOG_COMPILER_APPICON_NAME = AppIcon;
				CODE_SIGN_STYLE = Automatic;
				INFOPLIST_FILE = WeChatFootAction/Info.plist;
				LD_RUNPATH_SEARCH_PATHS = "$(inherited) @executable_path/Frameworks";
				PRODUCT_BUNDLE_IDENTIFIER = com.Helios.WeChatFootAction;
				PRODUCT_NAME = "$(TARGET_NAME)";
				SWIFT_VERSION = 4.0;
				TARGETED_DEVICE_FAMILY = "1,2";
			};
			name = Debug;
		};
		3F638574206FC4D200251E9B /* Release */ = {
			isa = XCBuildConfiguration;
			buildSettings = {
				ASSETCATALOG_COMPILER_APPICON_NAME = AppIcon;
				CODE_SIGN_STYLE = Automatic;
				INFOPLIST_FILE = WeChatFootAction/Info.plist;
				LD_RUNPATH_SEARCH_PATHS = "$(inherited) @executable_path/Frameworks";
				PRODUCT_BUNDLE_IDENTIFIER = com.Helios.WeChatFootAction;
				PRODUCT_NAME = "$(TARGET_NAME)";
				SWIFT_VERSION = 4.0;
				TARGETED_DEVICE_FAMILY = "1,2";
			};
			name = Release;
		};
/* End XCBuildConfiguration section */

/* Begin XCConfigurationList section */
		3F63855B206FC4D200251E9B /* Build configuration list for PBXProject "WeChatFootAction" */ = {
			isa = XCConfigurationList;
			buildConfigurations = (
				3F638570206FC4D200251E9B /* Debug */,
				3F638571206FC4D200251E9B /* Release */,
			);
			defaultConfigurationIsVisible = 0;
			defaultConfigurationName = Release;
		};
		3F638572206FC4D200251E9B /* Build configuration list for PBXNativeTarget "WeChatFootAction" */ = {
			isa = XCConfigurationList;
			buildConfigurations = (
				3F638573206FC4D200251E9B /* Debug */,
				3F638574206FC4D200251E9B /* Release */,
			);
			defaultConfigurationIsVisible = 0;
			defaultConfigurationName = Release;
		};
/* End XCConfigurationList section */
	};
	rootObject = 3F638558206FC4D200251E9B /* Project object */;
}
